
Microsoft Visual Studio Solution File, Format Version 12.00
# Visual Studio 14
VisualStudioVersion = 14.0.25420.1
MinimumVisualStudioVersion = 10.0.40219.1
Project("{FAE04EC0-301F-11D3-BF4B-00C04F79EFBC}") = "GDrive Time Machine", "GDrive Time Machine\GDrive Time Machine.csproj", "{79E063C8-B410-451B-9A83-B84095DD51AB}"
EndProject
Project("{2150E333-8FDC-42A3-9474-1A3956D46DE8}") = "Solution Items", "Solution Items", "{180F12DD-8AF6-4DA3-8525-4C667107CAB2}"
	ProjectSection(SolutionItems) = preProject
		.gitignore = .gitignore
		LICENSE = LICENSE
		README.md = README.md
	EndProjectSection
EndProject
Global
	GlobalSection(SolutionConfigurationPlatforms) = preSolution
		Debug|Any CPU = Debug|Any CPU
		Release|Any CPU = Release|Any CPU
	EndGlobalSection
	GlobalSection(ProjectConfigurationPlatforms) = postSolution
		{79E063C8-B410-451B-9A83-B84095DD51AB}.Debug|Any CPU.ActiveCfg = Debug|Any CPU
		{79E063C8-B410-451B-9A83-B84095DD51AB}.Debug|Any CPU.Build.0 = Debug|Any CPU
		{79E063C8-B410-451B-9A83-B84095DD51AB}.Release|Any CPU.ActiveCfg = Release|Any CPU
		{79E063C8-B410-451B-9A83-B84095DD51AB}.Release|Any CPU.Build.0 = Release|Any CPU
	EndGlobalSection
	GlobalSection(SolutionProperties) = preSolution
		HideSolutionNode = FALSE
	EndGlobalSection
EndGlobal
